
Microsoft Visual Studio Solution File, Format Version 12.00
# Visual Studio 15
VisualStudioVersion = 15.0.27130.2036
MinimumVisualStudioVersion = 10.0.40219.1
Project("{8BC9CEB8-8B4A-11D0-8D11-00A0C91BC942}") = "DS2DLL", "DS2DLL\DS2DLL.vcxproj", "{16B0316F-2201-435E-A26E-E85700D3901D}"
EndProject
Project("{8BC9CEB8-8B4A-11D0-8D11-00A0C91BC942}") = "Loader", "Loader\Loader.vcxproj", "{3889384A-4FCE-4407-A826-FC5B4C05C241}"
EndProject
Project("{8BC9CEB8-8B4A-11D0-8D11-00A0C91BC942}") = "GameSpy", "GameSpy\GameSpy.vcxproj", "{0B788AC5-1127-48AD-8135-7DCF1DDA355E}"
EndProject
Project("{8BC9CEB8-8B4A-11D0-8D11-00A0C91BC942}") = "Common", "Common\Common.vcxproj", "{37D11234-4D3C-4333-B8CC-2545A5A92F8B}"
EndProject
Project("{8BC9CEB8-8B4A-11D0-8D11-00A0C91BC942}") = "DS2DLL-Project-Template", "DS2DLL-Project-Template\DS2DLL-Project-Template.vcxproj", "{5AA7D45D-ED74-47F3-8B91-6DAADBDD685B}"
EndProject
Project("{2150E333-8FDC-42A3-9474-1A3956D46DE8}") = "Plugins", "Plugins", "{1E8ED7D0-38A5-4AC5-88F8-FEA3622D73D6}"
EndProject
Project("{8BC9CEB8-8B4A-11D0-8D11-00A0C91BC942}") = "RetroactiveSkillPointRewards", "RetroactiveSkillPointRewards\RetroactiveSkillPointRewards.vcxproj", "{A20536EB-F400-469F-93D0-932D9611EF2B}"
EndProject
Project("{8BC9CEB8-8B4A-11D0-8D11-00A0C91BC942}") = "Players-9", "Players-9\Players-9.vcxproj", "{ED93B551-49D1-45A9-976A-5235FA2C32BA}"
EndProject
Global
	GlobalSection(SolutionConfigurationPlatforms) = preSolution
		Debug|x86 = Debug|x86
		Release|x86 = Release|x86
	EndGlobalSection
	GlobalSection(ProjectConfigurationPlatforms) = postSolution
		{16B0316F-2201-435E-A26E-E85700D3901D}.Debug|x86.ActiveCfg = Debug|Win32
		{16B0316F-2201-435E-A26E-E85700D3901D}.Debug|x86.Build.0 = Debug|Win32
		{16B0316F-2201-435E-A26E-E85700D3901D}.Release|x86.ActiveCfg = Release|Win32
		{16B0316F-2201-435E-A26E-E85700D3901D}.Release|x86.Build.0 = Release|Win32
		{3889384A-4FCE-4407-A826-FC5B4C05C241}.Debug|x86.ActiveCfg = Debug|Win32
		{3889384A-4FCE-4407-A826-FC5B4C05C241}.Debug|x86.Build.0 = Debug|Win32
		{3889384A-4FCE-4407-A826-FC5B4C05C241}.Release|x86.ActiveCfg = Release|Win32
		{3889384A-4FCE-4407-A826-FC5B4C05C241}.Release|x86.Build.0 = Release|Win32
		{0B788AC5-1127-48AD-8135-7DCF1DDA355E}.Debug|x86.ActiveCfg = Debug|Win32
		{0B788AC5-1127-48AD-8135-7DCF1DDA355E}.Debug|x86.Build.0 = Debug|Win32
		{0B788AC5-1127-48AD-8135-7DCF1DDA355E}.Release|x86.ActiveCfg = Release|Win32
		{0B788AC5-1127-48AD-8135-7DCF1DDA355E}.Release|x86.Build.0 = Release|Win32
		{37D11234-4D3C-4333-B8CC-2545A5A92F8B}.Debug|x86.ActiveCfg = Debug|Win32
		{37D11234-4D3C-4333-B8CC-2545A5A92F8B}.Debug|x86.Build.0 = Debug|Win32
		{37D11234-4D3C-4333-B8CC-2545A5A92F8B}.Release|x86.ActiveCfg = Release|Win32
		{37D11234-4D3C-4333-B8CC-2545A5A92F8B}.Release|x86.Build.0 = Release|Win32
		{5AA7D45D-ED74-47F3-8B91-6DAADBDD685B}.Debug|x86.ActiveCfg = Debug|Win32
		{5AA7D45D-ED74-47F3-8B91-6DAADBDD685B}.Release|x86.ActiveCfg = Release|Win32
		{A20536EB-F400-469F-93D0-932D9611EF2B}.Debug|x86.ActiveCfg = Debug|Win32
		{A20536EB-F400-469F-93D0-932D9611EF2B}.Debug|x86.Build.0 = Debug|Win32
		{A20536EB-F400-469F-93D0-932D9611EF2B}.Release|x86.ActiveCfg = Release|Win32
		{A20536EB-F400-469F-93D0-932D9611EF2B}.Release|x86.Build.0 = Release|Win32
		{ED93B551-49D1-45A9-976A-5235FA2C32BA}.Debug|x86.ActiveCfg = Debug|Win32
		{ED93B551-49D1-45A9-976A-5235FA2C32BA}.Debug|x86.Build.0 = Debug|Win32
		{ED93B551-49D1-45A9-976A-5235FA2C32BA}.Release|x86.ActiveCfg = Release|Win32
		{ED93B551-49D1-45A9-976A-5235FA2C32BA}.Release|x86.Build.0 = Release|Win32
	EndGlobalSection
	GlobalSection(SolutionProperties) = preSolution
		HideSolutionNode = FALSE
	EndGlobalSection
	GlobalSection(NestedProjects) = preSolution
		{0B788AC5-1127-48AD-8135-7DCF1DDA355E} = {1E8ED7D0-38A5-4AC5-88F8-FEA3622D73D6}
		{A20536EB-F400-469F-93D0-932D9611EF2B} = {1E8ED7D0-38A5-4AC5-88F8-FEA3622D73D6}
		{ED93B551-49D1-45A9-976A-5235FA2C32BA} = {1E8ED7D0-38A5-4AC5-88F8-FEA3622D73D6}
	EndGlobalSection
	GlobalSection(ExtensibilityGlobals) = postSolution
		SolutionGuid = {B95EDED3-C814-4FAE-9252-04634094BECD}
	EndGlobalSection
EndGlobal
