
Microsoft Visual Studio Solution File, Format Version 12.00
# Visual Studio 15
VisualStudioVersion = 15.0.27130.2036
MinimumVisualStudioVersion = 10.0.40219.1
Project("{8BC9CEB8-8B4A-11D0-8D11-00A0C91BC942}") = "DS2X", "DS2X\DS2X.vcxproj", "{16B0316F-2201-435E-A26E-E85700D3901D}"
EndProject
Project("{8BC9CEB8-8B4A-11D0-8D11-00A0C91BC942}") = "Loader", "Loader\Loader.vcxproj", "{3889384A-4FCE-4407-A826-FC5B4C05C241}"
EndProject
Project("{8BC9CEB8-8B4A-11D0-8D11-00A0C91BC942}") = "GameSpy", "GameSpy\GameSpy.vcxproj", "{0B788AC5-1127-48AD-8135-7DCF1DDA355E}"
EndProject
Project("{8BC9CEB8-8B4A-11D0-8D11-00A0C91BC942}") = "Common", "Common\Common.vcxproj", "{37D11234-4D3C-4333-B8CC-2545A5A92F8B}"
EndProject
Project("{8BC9CEB8-8B4A-11D0-8D11-00A0C91BC942}") = "DS2DllProjectTemplate", "DS2DllProjectTemplate\DS2DllProjectTemplate.vcxproj", "{5AA7D45D-ED74-47F3-8B91-6DAADBDD685B}"
EndProject
Project("{911E67C6-3D85-4FCE-B560-20A9C3E3FF48}") = "DungeonSiege2", "C:\Games\Dungeon Siege II\DungeonSiege2.exe", "{22C1314A-97EB-4687-88A5-2B0AF1A91CDE}"
	ProjectSection(DebuggerProjectSystem) = preProject
		PortSupplier = 00000000-0000-0000-0000-000000000000
		Executable = C:\Games\Dungeon Siege II\DungeonSiege2.exe
		RemoteMachine = DESKTOP-51BJGGU
		StartingDirectory = C:\Games\Dungeon Siege II
		Environment = Default
		LaunchingEngine = 00000000-0000-0000-0000-000000000000
		UseLegacyDebugEngines = No
		LaunchSQLEngine = No
		AttachLaunchAction = Yes
	EndProjectSection
EndProject
Global
	GlobalSection(SolutionConfigurationPlatforms) = preSolution
		Debug|x86 = Debug|x86
		Release|x86 = Release|x86
	EndGlobalSection
	GlobalSection(ProjectConfigurationPlatforms) = postSolution
		{16B0316F-2201-435E-A26E-E85700D3901D}.Debug|x86.ActiveCfg = Debug|Win32
		{16B0316F-2201-435E-A26E-E85700D3901D}.Debug|x86.Build.0 = Debug|Win32
		{16B0316F-2201-435E-A26E-E85700D3901D}.Release|x86.ActiveCfg = Release|Win32
		{16B0316F-2201-435E-A26E-E85700D3901D}.Release|x86.Build.0 = Release|Win32
		{3889384A-4FCE-4407-A826-FC5B4C05C241}.Debug|x86.ActiveCfg = Debug|Win32
		{3889384A-4FCE-4407-A826-FC5B4C05C241}.Debug|x86.Build.0 = Debug|Win32
		{3889384A-4FCE-4407-A826-FC5B4C05C241}.Release|x86.ActiveCfg = Release|Win32
		{3889384A-4FCE-4407-A826-FC5B4C05C241}.Release|x86.Build.0 = Release|Win32
		{0B788AC5-1127-48AD-8135-7DCF1DDA355E}.Debug|x86.ActiveCfg = Debug|Win32
		{0B788AC5-1127-48AD-8135-7DCF1DDA355E}.Debug|x86.Build.0 = Debug|Win32
		{0B788AC5-1127-48AD-8135-7DCF1DDA355E}.Release|x86.ActiveCfg = Release|Win32
		{0B788AC5-1127-48AD-8135-7DCF1DDA355E}.Release|x86.Build.0 = Release|Win32
		{37D11234-4D3C-4333-B8CC-2545A5A92F8B}.Debug|x86.ActiveCfg = Debug|Win32
		{37D11234-4D3C-4333-B8CC-2545A5A92F8B}.Debug|x86.Build.0 = Debug|Win32
		{37D11234-4D3C-4333-B8CC-2545A5A92F8B}.Release|x86.ActiveCfg = Release|Win32
		{37D11234-4D3C-4333-B8CC-2545A5A92F8B}.Release|x86.Build.0 = Release|Win32
		{5AA7D45D-ED74-47F3-8B91-6DAADBDD685B}.Debug|x86.ActiveCfg = Debug|Win32
		{5AA7D45D-ED74-47F3-8B91-6DAADBDD685B}.Release|x86.ActiveCfg = Release|Win32
		{22C1314A-97EB-4687-88A5-2B0AF1A91CDE}.Debug|x86.ActiveCfg = Release|x86
		{22C1314A-97EB-4687-88A5-2B0AF1A91CDE}.Release|x86.ActiveCfg = Release|x86
	EndGlobalSection
	GlobalSection(SolutionProperties) = preSolution
		HideSolutionNode = FALSE
	EndGlobalSection
	GlobalSection(ExtensibilityGlobals) = postSolution
		SolutionGuid = {B95EDED3-C814-4FAE-9252-04634094BECD}
	EndGlobalSection
EndGlobal
