
Microsoft Visual Studio Solution File, Format Version 12.00
# Visual Studio 15
VisualStudioVersion = 15.0.27130.2036
MinimumVisualStudioVersion = 10.0.40219.1
Project("{8BC9CEB8-8B4A-11D0-8D11-00A0C91BC942}") = "HelloWorld", "HelloWorld\HelloWorld.vcxproj", "{8B466EC8-D6B6-4C2B-81E8-5D06D609F595}"
EndProject
Project("{8BC9CEB8-8B4A-11D0-8D11-00A0C91BC942}") = "Loader", "Loader\Loader.vcxproj", "{991D7E76-16B9-4BB5-B129-0048E62E5E22}"
EndProject
Project("{8BC9CEB8-8B4A-11D0-8D11-00A0C91BC942}") = "DS2", "DS2\DS2.vcxproj", "{49B8AFA9-DC7E-4DEA-A253-B0C765274A83}"
	ProjectSection(ProjectDependencies) = postProject
		{C96FC67E-EFC0-43B8-89C2-EB8DA88267B9} = {C96FC67E-EFC0-43B8-89C2-EB8DA88267B9}
	EndProjectSection
EndProject
Project("{8BC9CEB8-8B4A-11D0-8D11-00A0C91BC942}") = "Common", "Common\Common.vcxproj", "{C96FC67E-EFC0-43B8-89C2-EB8DA88267B9}"
EndProject
Global
	GlobalSection(SolutionConfigurationPlatforms) = preSolution
		Debug|x86 = Debug|x86
		DebugExe|x86 = DebugExe|x86
		Release|x86 = Release|x86
	EndGlobalSection
	GlobalSection(ProjectConfigurationPlatforms) = postSolution
		{8B466EC8-D6B6-4C2B-81E8-5D06D609F595}.Debug|x86.ActiveCfg = Debug|Win32
		{8B466EC8-D6B6-4C2B-81E8-5D06D609F595}.Debug|x86.Build.0 = Debug|Win32
		{8B466EC8-D6B6-4C2B-81E8-5D06D609F595}.DebugExe|x86.ActiveCfg = Debug|Win32
		{8B466EC8-D6B6-4C2B-81E8-5D06D609F595}.DebugExe|x86.Build.0 = Debug|Win32
		{8B466EC8-D6B6-4C2B-81E8-5D06D609F595}.Release|x86.ActiveCfg = Release|Win32
		{8B466EC8-D6B6-4C2B-81E8-5D06D609F595}.Release|x86.Build.0 = Release|Win32
		{991D7E76-16B9-4BB5-B129-0048E62E5E22}.Debug|x86.ActiveCfg = Debug|Win32
		{991D7E76-16B9-4BB5-B129-0048E62E5E22}.Debug|x86.Build.0 = Debug|Win32
		{991D7E76-16B9-4BB5-B129-0048E62E5E22}.DebugExe|x86.ActiveCfg = DebugExe|Win32
		{991D7E76-16B9-4BB5-B129-0048E62E5E22}.DebugExe|x86.Build.0 = DebugExe|Win32
		{991D7E76-16B9-4BB5-B129-0048E62E5E22}.Release|x86.ActiveCfg = Release|Win32
		{991D7E76-16B9-4BB5-B129-0048E62E5E22}.Release|x86.Build.0 = Release|Win32
		{49B8AFA9-DC7E-4DEA-A253-B0C765274A83}.Debug|x86.ActiveCfg = Debug|Win32
		{49B8AFA9-DC7E-4DEA-A253-B0C765274A83}.Debug|x86.Build.0 = Debug|Win32
		{49B8AFA9-DC7E-4DEA-A253-B0C765274A83}.DebugExe|x86.ActiveCfg = Debug|Win32
		{49B8AFA9-DC7E-4DEA-A253-B0C765274A83}.DebugExe|x86.Build.0 = Debug|Win32
		{49B8AFA9-DC7E-4DEA-A253-B0C765274A83}.Release|x86.ActiveCfg = Release|Win32
		{49B8AFA9-DC7E-4DEA-A253-B0C765274A83}.Release|x86.Build.0 = Release|Win32
		{C96FC67E-EFC0-43B8-89C2-EB8DA88267B9}.Debug|x86.ActiveCfg = Debug|Win32
		{C96FC67E-EFC0-43B8-89C2-EB8DA88267B9}.Debug|x86.Build.0 = Debug|Win32
		{C96FC67E-EFC0-43B8-89C2-EB8DA88267B9}.DebugExe|x86.ActiveCfg = Debug|Win32
		{C96FC67E-EFC0-43B8-89C2-EB8DA88267B9}.DebugExe|x86.Build.0 = Debug|Win32
		{C96FC67E-EFC0-43B8-89C2-EB8DA88267B9}.Release|x86.ActiveCfg = Release|Win32
		{C96FC67E-EFC0-43B8-89C2-EB8DA88267B9}.Release|x86.Build.0 = Release|Win32
	EndGlobalSection
	GlobalSection(SolutionProperties) = preSolution
		HideSolutionNode = FALSE
	EndGlobalSection
	GlobalSection(ExtensibilityGlobals) = postSolution
		SolutionGuid = {B95EDED3-C814-4FAE-9252-04634094BECD}
	EndGlobalSection
EndGlobal
