<?xml version="1.0" encoding="utf-8"?>
<Project ToolsVersion="4.0" xmlns="http://schemas.microsoft.com/developer/msbuild/2003">
  <ItemGroup>
    <ClInclude Include="IPhysicsControl.h" />
    <ClInclude Include="Job.h" />
    <ClInclude Include="WorldEffectsMgr.h" />
    <ClInclude Include="GoParty.h">
      <Filter>Go</Filter>
    </ClInclude>
    <ClInclude Include="Go.h">
      <Filter>Go</Filter>
    </ClInclude>
    <ClInclude Include="GoCoach.h">
      <Filter>Go</Filter>
    </ClInclude>
    <ClInclude Include="GoidColl.h">
      <Filter>Go</Filter>
    </ClInclude>
    <ClInclude Include="GoMind.h">
      <Filter>Go</Filter>
    </ClInclude>
    <ClInclude Include="UIPartyManager.h">
      <Filter>UI</Filter>
    </ClInclude>
    <ClInclude Include="UIComboBox.h">
      <Filter>UI</Filter>
    </ClInclude>
    <ClInclude Include="UIGameConsole.h">
      <Filter>UI</Filter>
    </ClInclude>
    <ClInclude Include="UIInventoryManager.h">
      <Filter>UI</Filter>
    </ClInclude>
    <ClInclude Include="UIListbox.h">
      <Filter>UI</Filter>
    </ClInclude>
    <ClInclude Include="UIListReport.h">
      <Filter>UI</Filter>
    </ClInclude>
    <ClInclude Include="UIMenuManager.h">
      <Filter>UI</Filter>
    </ClInclude>
    <ClInclude Include="UIObjectView.h">
      <Filter>UI</Filter>
    </ClInclude>
    <ClInclude Include="GoInventory.h">
      <Filter>Go</Filter>
    </ClInclude>
    <ClInclude Include="NISManager.h" />
    <ClInclude Include="GoActor.h">
      <Filter>Go</Filter>
    </ClInclude>
    <ClInclude Include="GoAspect.h">
      <Filter>Go</Filter>
    </ClInclude>
    <ClInclude Include="GoAttack.h">
      <Filter>Go</Filter>
    </ClInclude>
    <ClInclude Include="GoBits.h">
      <Filter>Go</Filter>
    </ClInclude>
    <ClInclude Include="GoBody.h">
      <Filter>Go</Filter>
    </ClInclude>
    <ClInclude Include="GoCloneReq.h">
      <Filter>Go</Filter>
    </ClInclude>
    <ClInclude Include="GoCommon.h">
      <Filter>Go</Filter>
    </ClInclude>
    <ClInclude Include="GoComponent.h">
      <Filter>Go</Filter>
    </ClInclude>
    <ClInclude Include="GoConversation.h">
      <Filter>Go</Filter>
    </ClInclude>
    <ClInclude Include="GoCorpse.h">
      <Filter>Go</Filter>
    </ClInclude>
    <ClInclude Include="GoCreateReq.h">
      <Filter>Go</Filter>
    </ClInclude>
    <ClInclude Include="GoDb.h">
      <Filter>Go</Filter>
    </ClInclude>
    <ClInclude Include="GoDbImpl.h">
      <Filter>Go</Filter>
    </ClInclude>
    <ClInclude Include="GoDefend.h">
      <Filter>Go</Filter>
    </ClInclude>
    <ClInclude Include="GoFlick.h">
      <Filter>Go</Filter>
    </ClInclude>
    <ClInclude Include="GoFlickFX.h">
      <Filter>Go</Filter>
    </ClInclude>
    <ClInclude Include="GoFollower.h">
      <Filter>Go</Filter>
    </ClInclude>
    <ClInclude Include="GoGold.h">
      <Filter>Go</Filter>
    </ClInclude>
    <ClInclude Include="GoGui.h">
      <Filter>Go</Filter>
    </ClInclude>
    <ClInclude Include="GoHire.h">
      <Filter>Go</Filter>
    </ClInclude>
    <ClInclude Include="GoMagic.h">
      <Filter>Go</Filter>
    </ClInclude>
    <ClInclude Include="GopColl.h">
      <Filter>Go</Filter>
    </ClInclude>
    <ClInclude Include="GoPet.h">
      <Filter>Go</Filter>
    </ClInclude>
    <ClInclude Include="GoStore.h">
      <Filter>Go</Filter>
    </ClInclude>
    <ClInclude Include="GoPhysics.h">
      <Filter>Go</Filter>
    </ClInclude>
    <ClInclude Include="GoPlacement.h">
      <Filter>Go</Filter>
    </ClInclude>
    <ClInclude Include="GoPotion.h">
      <Filter>Go</Filter>
    </ClInclude>
    <ClInclude Include="GoSkritComponent.h">
      <Filter>Go</Filter>
    </ClInclude>
    <ClInclude Include="GoStash.h">
      <Filter>Go</Filter>
    </ClInclude>
    <ClInclude Include="UITextureManager.h">
      <Filter>UI</Filter>
    </ClInclude>
    <ClInclude Include="UIPetManager.h">
      <Filter>UI</Filter>
    </ClInclude>
    <ClInclude Include="UISkillManager.h">
      <Filter>UI</Filter>
    </ClInclude>
    <ClInclude Include="AppModule.h" />
    <ClInclude Include="CGameOptions.h" />
    <ClInclude Include="Config.h" />
    <ClInclude Include="ContentDb.h" />
    <ClInclude Include="CrossOverUtil.h" />
    <ClInclude Include="CustomEffect.h" />
    <ClInclude Include="Debug.h" />
    <ClInclude Include="Formation.h" />
    <ClInclude Include="FuelSys.h" />
    <ClInclude Include="GameAuditor.h" />
    <ClInclude Include="GameProfile.h" />
    <ClInclude Include="GameSave.h" />
    <ClInclude Include="GUIInterface.h" />
    <ClInclude Include="JobAttributeBits.h" />
    <ClInclude Include="JobResult.h" />
    <ClInclude Include="LocalJournal.h" />
    <ClInclude Include="Math.h" />
    <ClInclude Include="MessageDispatch.h" />
    <ClInclude Include="Messenger.h" />
    <ClInclude Include="MohawkGame.h" />
    <ClInclude Include="Mood.h" />
    <ClInclude Include="MoodSettings.h" />
    <ClInclude Include="PContentDb.h" />
    <ClInclude Include="RapiAppModule.h" />
    <ClInclude Include="Report.h" />
    <ClInclude Include="Rules.h" />
    <ClInclude Include="Services.h" />
    <ClInclude Include="Sim.h" />
    <ClInclude Include="Skills.h" />
    <ClInclude Include="String.h" />
    <ClInclude Include="TimeOfDay.h" />
    <ClInclude Include="Victory.h" />
    <ClInclude Include="Weather.h" />
    <ClInclude Include="World.h" />
    <ClInclude Include="WorldJournal.h" />
    <ClInclude Include="WorldLocation.h" />
    <ClInclude Include="WorldMap.h" />
    <ClInclude Include="WorldMessage.h" />
    <ClInclude Include="WorldOptions.h" />
    <ClInclude Include="WorldPathFinder.h" />
    <ClInclude Include="WorldState.h" />
    <ClInclude Include="WorldTerrain.h" />
    <ClInclude Include="WorldTime.h" />
    <ClInclude Include="NetPipe.h">
      <Filter>Multiplayer</Filter>
    </ClInclude>
    <ClInclude Include="NetFuBiReceive.h">
      <Filter>Multiplayer</Filter>
    </ClInclude>
    <ClInclude Include="NetFuBiSend.h">
      <Filter>Multiplayer</Filter>
    </ClInclude>
    <ClInclude Include="Server.h">
      <Filter>Multiplayer</Filter>
    </ClInclude>
    <ClInclude Include="UIWindow.h">
      <Filter>UI</Filter>
    </ClInclude>
    <ClInclude Include="UI.h">
      <Filter>UI</Filter>
    </ClInclude>
    <ClInclude Include="UIBuddyList.h">
      <Filter>UI</Filter>
    </ClInclude>
    <ClInclude Include="UICamera.h">
      <Filter>UI</Filter>
    </ClInclude>
    <ClInclude Include="UICharacterSelectMultiplayer.h">
      <Filter>UI</Filter>
    </ClInclude>
    <ClInclude Include="UICharacterSelectSingleplayer.h">
      <Filter>UI</Filter>
    </ClInclude>
    <ClInclude Include="UIChat.h">
      <Filter>UI</Filter>
    </ClInclude>
    <ClInclude Include="UICommands.h">
      <Filter>UI</Filter>
    </ClInclude>
    <ClInclude Include="UIDialogueHandler.h">
      <Filter>UI</Filter>
    </ClInclude>
    <ClInclude Include="UIEndGame.h">
      <Filter>UI</Filter>
    </ClInclude>
    <ClInclude Include="UIFrontend.h">
      <Filter>UI</Filter>
    </ClInclude>
    <ClInclude Include="UIGame.h">
      <Filter>UI</Filter>
    </ClInclude>
    <ClInclude Include="UIGamespy.h">
      <Filter>UI</Filter>
    </ClInclude>
    <ClInclude Include="UIGridbox.h">
      <Filter>UI</Filter>
    </ClInclude>
    <ClInclude Include="UIHostGame.h">
      <Filter>UI</Filter>
    </ClInclude>
    <ClInclude Include="UIItemEnchanterStore.h">
      <Filter>UI</Filter>
    </ClInclude>
    <ClInclude Include="UILobbyCreateChar.h">
      <Filter>UI</Filter>
    </ClInclude>
    <ClInclude Include="UIMiniGame.h">
      <Filter>UI</Filter>
    </ClInclude>
    <ClInclude Include="UIMultiplayer.h">
      <Filter>UI</Filter>
    </ClInclude>
    <ClInclude Include="UINews.h">
      <Filter>UI</Filter>
    </ClInclude>
    <ClInclude Include="UIOptions.h">
      <Filter>UI</Filter>
    </ClInclude>
    <ClInclude Include="UIPartyReserveStore.h">
      <Filter>UI</Filter>
    </ClInclude>
    <ClInclude Include="UIPetStore.h">
      <Filter>UI</Filter>
    </ClInclude>
    <ClInclude Include="UIRadioButton.h">
      <Filter>UI</Filter>
    </ClInclude>
    <ClInclude Include="UIShell.h">
      <Filter>UI</Filter>
    </ClInclude>
    <ClInclude Include="UISkillTrainerStore.h">
      <Filter>UI</Filter>
    </ClInclude>
    <ClInclude Include="UISkritSupport.h">
      <Filter>UI</Filter>
    </ClInclude>
    <ClInclude Include="UISlider.h">
      <Filter>UI</Filter>
    </ClInclude>
    <ClInclude Include="UIStagingArea.h">
      <Filter>UI</Filter>
    </ClInclude>
    <ClInclude Include="UIStagingAreaGameSettings.h">
      <Filter>UI</Filter>
    </ClInclude>
    <ClInclude Include="UIStagingAreaMapSettings.h">
      <Filter>UI</Filter>
    </ClInclude>
    <ClInclude Include="UIStagingAreaPartySupport.h">
      <Filter>UI</Filter>
    </ClInclude>
    <ClInclude Include="UIStoreManager.h">
      <Filter>UI</Filter>
    </ClInclude>
    <ClInclude Include="UITeleport.h">
      <Filter>UI</Filter>
    </ClInclude>
    <ClInclude Include="UIUtility.h">
      <Filter>UI</Filter>
    </ClInclude>
    <ClInclude Include="Player.h" />
    <ClInclude Include="QuestManager.h" />
    <ClInclude Include="TimeMgr.h" />
    <ClInclude Include="TownPortalManager.h" />
    <ClInclude Include="ZoneManager.h" />
    <ClInclude Include="Enums.h" />
    <ClInclude Include="ClassMacros.h">
      <Filter>Utility</Filter>
    </ClInclude>
    <ClInclude Include="Siege.h" />
    <ClInclude Include="Memory.h" />
    <ClInclude Include="Membership.h" />
    <ClInclude Include="AnalysisResults.h" />
    <ClInclude Include="Quat.h" />
    <ClInclude Include="JobReq.h" />
    <ClInclude Include="FuBi.h" />
    <ClInclude Include="QtColl.h" />
    <ClInclude Include="CameraVectorToCameraPosition.h">
      <Filter>Camera</Filter>
    </ClInclude>
    <ClInclude Include="CameraVectorToTargetPosition.h">
      <Filter>Camera</Filter>
    </ClInclude>
    <ClInclude Include="CameraQuatPosition.h">
      <Filter>Camera</Filter>
    </ClInclude>
    <ClInclude Include="CameraAgent.h">
      <Filter>Camera</Filter>
    </ClInclude>
    <ClInclude Include="CameraEulerPosition.h">
      <Filter>Camera</Filter>
    </ClInclude>
    <ClInclude Include="CameraMatrixPosition.h">
      <Filter>Camera</Filter>
    </ClInclude>
    <ClInclude Include="CameraPosition.h">
      <Filter>Camera</Filter>
    </ClInclude>
    <ClInclude Include="Flick.h" />
    <ClInclude Include="ReportSys.h" />
    <ClInclude Include="AuditorDb.h" />
    <ClInclude Include="GoProxy.h">
      <Filter>Go</Filter>
    </ClInclude>
    <ClInclude Include="GoZone.h">
      <Filter>Go</Filter>
    </ClInclude>
    <ClInclude Include="GoFader.h">
      <Filter>Go</Filter>
    </ClInclude>
    <ClInclude Include="SiegeRot.h" />
    <ClInclude Include="SiegePos.h" />
    <ClInclude Include="SiegeRail.h" />
    <ClInclude Include="QuatColl.h" />
    <ClInclude Include="Trigger.h" />
    <ClInclude Include="UIEditBox.h">
      <Filter>UI</Filter>
    </ClInclude>
    <ClInclude Include="UITextBox.h">
      <Filter>UI</Filter>
    </ClInclude>
    <ClInclude Include="UIItem.h">
      <Filter>UI</Filter>
    </ClInclude>
    <ClInclude Include="UIMessage.h">
      <Filter>UI</Filter>
    </ClInclude>
    <ClInclude Include="UICursor.h">
      <Filter>UI</Filter>
    </ClInclude>
    <ClInclude Include="UIText.h">
      <Filter>UI</Filter>
    </ClInclude>
    <ClInclude Include="UIButton.h">
      <Filter>UI</Filter>
    </ClInclude>
    <ClInclude Include="UIChatBox.h">
      <Filter>UI</Filter>
    </ClInclude>
    <ClInclude Include="UICheckbox.h">
      <Filter>UI</Filter>
    </ClInclude>
    <ClInclude Include="UIInfoSlot.h">
      <Filter>UI</Filter>
    </ClInclude>
    <ClInclude Include="UIItemSlot.h">
      <Filter>UI</Filter>
    </ClInclude>
    <ClInclude Include="UIPopupMenu.h">
      <Filter>UI</Filter>
    </ClInclude>
    <ClInclude Include="UITab.h">
      <Filter>UI</Filter>
    </ClInclude>
    <ClInclude Include="GridItem.h" />
    <ClInclude Include="TeleportInfo.h" />
    <ClInclude Include="TTMessages.h" />
    <ClInclude Include="IntColl.h" />
    <ClInclude Include="QuestData.h" />
    <ClInclude Include="AnimReq.h" />
    <ClInclude Include="GoDataComponent.h">
      <Filter>Go</Filter>
    </ClInclude>
    <ClInclude Include="MCP.h" />
    <ClInclude Include="TaskData.h" />
    <ClInclude Include="ActData.h" />
    <ClInclude Include="Nema.h" />
    <ClInclude Include="ResHandleFields.h" />
    <ClInclude Include="GPGSound.h" />
    <ClInclude Include="Gamespy.h" />
    <ClInclude Include="BoneTranslator.h" />
    <ClInclude Include="DS2.h" />
    <ClInclude Include="Vector3Coll.h" />
    <ClInclude Include="UIWindowVec.h">
      <Filter>UI</Filter>
    </ClInclude>
    <ClInclude Include="UINormalizedRect.h">
      <Filter>UI</Filter>
    </ClInclude>
    <ClInclude Include="UILine.h">
      <Filter>UI</Filter>
    </ClInclude>
    <ClInclude Include="TimeColl.h" />
    <ClInclude Include="Team.h" />
    <ClInclude Include="TagPoint.h" />
    <ClInclude Include="GPoint.h" />
    <ClInclude Include="GPVersion.h" />
    <ClInclude Include="GRect.h" />
    <ClInclude Include="GSize.h" />
    <ClInclude Include="Point2.h" />
    <ClInclude Include="Range2.h" />
    <ClInclude Include="Range.h" />
    <ClInclude Include="TagRect.h" />
    <ClInclude Include="TagSize.h" />
    <ClInclude Include="Skill.h" />
    <ClInclude Include="SiegeId.h" />
    <ClInclude Include="Skrit.h" />
    <ClInclude Include="Scid.h" />
    <ClInclude Include="PlayerId.h" />
    <ClInclude Include="New.h" />
    <ClInclude Include="LightId.h" />
    <ClInclude Include="IMessenger.h">
      <Filter>UI</Filter>
    </ClInclude>
    <ClInclude Include="GoMath.h">
      <Filter>Go</Filter>
    </ClInclude>
    <ClInclude Include="Goid.h">
      <Filter>Go</Filter>
    </ClInclude>
    <ClInclude Include="GenericId.h" />
    <ClInclude Include="FuelBlock.h" />
    <ClInclude Include="FuBiEvent.h" />
    <ClInclude Include="DecalId.h" />
    <ClInclude Include="CharacterStats.h" />
    <ClInclude Include="AIAction.h" />
    <ClInclude Include="AIQuery.h" />
    <ClInclude Include="StaticMethods.h" />
    <ClInclude Include="GPBString.h" />
    <ClInclude Include="Vector3.h" />
    <ClInclude Include="RegionId.h" />
    <ClInclude Include="FrustumId.h" />
    <ClInclude Include="FFXID.h" />
    <ClInclude Include="ResHandle.h" />
    <ClInclude Include="ServerNISInfo.h">
      <Filter>Multiplayer</Filter>
    </ClInclude>
    <ClInclude Include="Guid.h" />
    <ClInclude Include="SystemTime.h" />
    <ClInclude Include="Matrix3x3.h" />
    <ClInclude Include="DebugMacros.h">
      <Filter>Utility</Filter>
    </ClInclude>
  </ItemGroup>
  <ItemGroup>
    <Filter Include="UI">
      <UniqueIdentifier>{5ff5ac19-454e-4786-8d6f-31b5144368c6}</UniqueIdentifier>
    </Filter>
    <Filter Include="Go">
      <UniqueIdentifier>{4b1e2331-742b-40b9-bb67-d2aa063d82f1}</UniqueIdentifier>
    </Filter>
    <Filter Include="Utility">
      <UniqueIdentifier>{57f88bf8-da5c-4915-9499-91d97f0caf18}</UniqueIdentifier>
    </Filter>
    <Filter Include="Camera">
      <UniqueIdentifier>{dec86ead-6660-4abf-87ba-f8366a2cf45b}</UniqueIdentifier>
    </Filter>
    <Filter Include="Multiplayer">
      <UniqueIdentifier>{5b12a560-b7a1-4137-a961-1ce70d65a030}</UniqueIdentifier>
    </Filter>
  </ItemGroup>
  <ItemGroup>
    <ClCompile Include="__DUMMY.cpp" />
  </ItemGroup>
</Project>